
Microsoft Visual Studio Solution File, Format Version 12.00
# Visual Studio Version 16
VisualStudioVersion = 16.0.30225.117
MinimumVisualStudioVersion = 10.0.40219.1
Project("{9A19103F-16F7-4668-BE54-9A1E7A4F7556}") = "figma", "figma.csproj", "{796329C0-6A0A-427B-9A80-6D6BAE579D2A}"
EndProject
Project("{9A19103F-16F7-4668-BE54-9A1E7A4F7556}") = "XUnitTestProject", "..\XUnitTestProject\XUnitTestProject.csproj", "{8C25DF57-F6B4-42C9-83FB-F5A3B1F8B076}"
EndProject
Project("{9A19103F-16F7-4668-BE54-9A1E7A4F7556}") = "Angular_Asp.Net_Core", "..\Angular_Asp.Net_Core\Angular_Asp.Net_Core.csproj", "{95DF1D5C-F63F-476E-AF96-ED5E1BB58D33}"
EndProject
Global
	GlobalSection(SolutionConfigurationPlatforms) = preSolution
		Debug|Any CPU = Debug|Any CPU
		Release|Any CPU = Release|Any CPU
	EndGlobalSection
	GlobalSection(ProjectConfigurationPlatforms) = postSolution
		{796329C0-6A0A-427B-9A80-6D6BAE579D2A}.Debug|Any CPU.ActiveCfg = Debug|Any CPU
		{796329C0-6A0A-427B-9A80-6D6BAE579D2A}.Debug|Any CPU.Build.0 = Debug|Any CPU
		{796329C0-6A0A-427B-9A80-6D6BAE579D2A}.Release|Any CPU.ActiveCfg = Release|Any CPU
		{796329C0-6A0A-427B-9A80-6D6BAE579D2A}.Release|Any CPU.Build.0 = Release|Any CPU
		{8C25DF57-F6B4-42C9-83FB-F5A3B1F8B076}.Debug|Any CPU.ActiveCfg = Debug|Any CPU
		{8C25DF57-F6B4-42C9-83FB-F5A3B1F8B076}.Debug|Any CPU.Build.0 = Debug|Any CPU
		{8C25DF57-F6B4-42C9-83FB-F5A3B1F8B076}.Release|Any CPU.ActiveCfg = Release|Any CPU
		{8C25DF57-F6B4-42C9-83FB-F5A3B1F8B076}.Release|Any CPU.Build.0 = Release|Any CPU
		{95DF1D5C-F63F-476E-AF96-ED5E1BB58D33}.Debug|Any CPU.ActiveCfg = Debug|Any CPU
		{95DF1D5C-F63F-476E-AF96-ED5E1BB58D33}.Debug|Any CPU.Build.0 = Debug|Any CPU
		{95DF1D5C-F63F-476E-AF96-ED5E1BB58D33}.Release|Any CPU.ActiveCfg = Release|Any CPU
		{95DF1D5C-F63F-476E-AF96-ED5E1BB58D33}.Release|Any CPU.Build.0 = Release|Any CPU
	EndGlobalSection
	GlobalSection(SolutionProperties) = preSolution
		HideSolutionNode = FALSE
	EndGlobalSection
	GlobalSection(ExtensibilityGlobals) = postSolution
		SolutionGuid = {5A64485D-978D-4956-9DEE-BFED95129836}
	EndGlobalSection
EndGlobal
